
Microsoft Visual Studio Solution File, Format Version 12.00
# Visual Studio 15
VisualStudioVersion = 15.0.28307.168
MinimumVisualStudioVersion = 10.0.40219.1
Project("{FAE04EC0-301F-11D3-BF4B-00C04F79EFBC}") = "01_Challenge", "01_Challenge\01_Challenge.csproj", "{84C31F37-FBA4-4804-8655-F7A4B488481E}"
EndProject
Project("{FAE04EC0-301F-11D3-BF4B-00C04F79EFBC}") = "02_Challenge", "02_Challenge\02_Challenge.csproj", "{603A04FB-7F71-497C-8A18-5793C2941E3E}"
EndProject
Project("{FAE04EC0-301F-11D3-BF4B-00C04F79EFBC}") = "02_UnitTest", "02_UnitTest\02_UnitTest.csproj", "{C07C90CA-4716-46C1-BED5-BC4E386F6286}"
EndProject
Project("{FAE04EC0-301F-11D3-BF4B-00C04F79EFBC}") = "08_Challenge", "08_Challenge\08_Challenge.csproj", "{64C69620-60B1-4172-A1B0-5BDFEAED5C0B}"
EndProject
Project("{FAE04EC0-301F-11D3-BF4B-00C04F79EFBC}") = "08_ChallengeTest", "08_ChallengeTest\08_ChallengeTest.csproj", "{E8F25CFB-3D83-46C1-860C-135B39ED2E1A}"
EndProject
Project("{FAE04EC0-301F-11D3-BF4B-00C04F79EFBC}") = "01_ChallengeTest", "01_ChallengeTest\01_ChallengeTest.csproj", "{1E39C289-3F15-41FC-BB04-95AE6406EB4A}"
EndProject
Project("{FAE04EC0-301F-11D3-BF4B-00C04F79EFBC}") = "05_Challenge", "05_Challenge\05_Challenge.csproj", "{ADDF7EE2-EA70-472D-98FD-5E306075A5A9}"
EndProject
Project("{FAE04EC0-301F-11D3-BF4B-00C04F79EFBC}") = "05_ChallengeTest", "05_ChallengeTest\05_ChallengeTest.csproj", "{556CBE59-DDB4-471A-BD0D-78B23F9D9D91}"
EndProject
Global
	GlobalSection(SolutionConfigurationPlatforms) = preSolution
		Debug|Any CPU = Debug|Any CPU
		Release|Any CPU = Release|Any CPU
	EndGlobalSection
	GlobalSection(ProjectConfigurationPlatforms) = postSolution
		{84C31F37-FBA4-4804-8655-F7A4B488481E}.Debug|Any CPU.ActiveCfg = Debug|Any CPU
		{84C31F37-FBA4-4804-8655-F7A4B488481E}.Debug|Any CPU.Build.0 = Debug|Any CPU
		{84C31F37-FBA4-4804-8655-F7A4B488481E}.Release|Any CPU.ActiveCfg = Release|Any CPU
		{84C31F37-FBA4-4804-8655-F7A4B488481E}.Release|Any CPU.Build.0 = Release|Any CPU
		{603A04FB-7F71-497C-8A18-5793C2941E3E}.Debug|Any CPU.ActiveCfg = Debug|Any CPU
		{603A04FB-7F71-497C-8A18-5793C2941E3E}.Debug|Any CPU.Build.0 = Debug|Any CPU
		{603A04FB-7F71-497C-8A18-5793C2941E3E}.Release|Any CPU.ActiveCfg = Release|Any CPU
		{603A04FB-7F71-497C-8A18-5793C2941E3E}.Release|Any CPU.Build.0 = Release|Any CPU
		{C07C90CA-4716-46C1-BED5-BC4E386F6286}.Debug|Any CPU.ActiveCfg = Debug|Any CPU
		{C07C90CA-4716-46C1-BED5-BC4E386F6286}.Debug|Any CPU.Build.0 = Debug|Any CPU
		{C07C90CA-4716-46C1-BED5-BC4E386F6286}.Release|Any CPU.ActiveCfg = Release|Any CPU
		{C07C90CA-4716-46C1-BED5-BC4E386F6286}.Release|Any CPU.Build.0 = Release|Any CPU
		{64C69620-60B1-4172-A1B0-5BDFEAED5C0B}.Debug|Any CPU.ActiveCfg = Debug|Any CPU
		{64C69620-60B1-4172-A1B0-5BDFEAED5C0B}.Debug|Any CPU.Build.0 = Debug|Any CPU
		{64C69620-60B1-4172-A1B0-5BDFEAED5C0B}.Release|Any CPU.ActiveCfg = Release|Any CPU
		{64C69620-60B1-4172-A1B0-5BDFEAED5C0B}.Release|Any CPU.Build.0 = Release|Any CPU
		{E8F25CFB-3D83-46C1-860C-135B39ED2E1A}.Debug|Any CPU.ActiveCfg = Debug|Any CPU
		{E8F25CFB-3D83-46C1-860C-135B39ED2E1A}.Debug|Any CPU.Build.0 = Debug|Any CPU
		{E8F25CFB-3D83-46C1-860C-135B39ED2E1A}.Release|Any CPU.ActiveCfg = Release|Any CPU
		{E8F25CFB-3D83-46C1-860C-135B39ED2E1A}.Release|Any CPU.Build.0 = Release|Any CPU
		{1E39C289-3F15-41FC-BB04-95AE6406EB4A}.Debug|Any CPU.ActiveCfg = Debug|Any CPU
		{1E39C289-3F15-41FC-BB04-95AE6406EB4A}.Debug|Any CPU.Build.0 = Debug|Any CPU
		{1E39C289-3F15-41FC-BB04-95AE6406EB4A}.Release|Any CPU.ActiveCfg = Release|Any CPU
		{1E39C289-3F15-41FC-BB04-95AE6406EB4A}.Release|Any CPU.Build.0 = Release|Any CPU
		{ADDF7EE2-EA70-472D-98FD-5E306075A5A9}.Debug|Any CPU.ActiveCfg = Debug|Any CPU
		{ADDF7EE2-EA70-472D-98FD-5E306075A5A9}.Debug|Any CPU.Build.0 = Debug|Any CPU
		{ADDF7EE2-EA70-472D-98FD-5E306075A5A9}.Release|Any CPU.ActiveCfg = Release|Any CPU
		{ADDF7EE2-EA70-472D-98FD-5E306075A5A9}.Release|Any CPU.Build.0 = Release|Any CPU
		{556CBE59-DDB4-471A-BD0D-78B23F9D9D91}.Debug|Any CPU.ActiveCfg = Debug|Any CPU
		{556CBE59-DDB4-471A-BD0D-78B23F9D9D91}.Debug|Any CPU.Build.0 = Debug|Any CPU
		{556CBE59-DDB4-471A-BD0D-78B23F9D9D91}.Release|Any CPU.ActiveCfg = Release|Any CPU
		{556CBE59-DDB4-471A-BD0D-78B23F9D9D91}.Release|Any CPU.Build.0 = Release|Any CPU
	EndGlobalSection
	GlobalSection(SolutionProperties) = preSolution
		HideSolutionNode = FALSE
	EndGlobalSection
	GlobalSection(ExtensibilityGlobals) = postSolution
		SolutionGuid = {D1272174-62CA-4F54-B21B-E3E9D5D9920B}
	EndGlobalSection
EndGlobal
